<?xml version="1.0" encoding="utf-8"?>
<Project ToolsVersion="4.0" xmlns="http://schemas.microsoft.com/developer/msbuild/2003">
  <ItemGroup>
    <Filter Include="Header Files">
      <UniqueIdentifier>{93995380-89BD-4b04-88EB-625FBE52EBFB}</UniqueIdentifier>
      <Extensions>h;hh;hpp;hxx;hm;inl;inc;xsd</Extensions>
    </Filter>
    <Filter Include="Header Files\types">
      <UniqueIdentifier>{702fbd4d-e85e-41a0-8b2b-1168c16be4a1}</UniqueIdentifier>
    </Filter>
    <Filter Include="Header Files\algorithms">
      <UniqueIdentifier>{6188c143-9f7e-4c29-a2c2-069439ba1892}</UniqueIdentifier>
    </Filter>
    <Filter Include="Header Files\sandbox">
      <UniqueIdentifier>{2f3006fb-7174-43c7-9122-6f9181c5d39c}</UniqueIdentifier>
    </Filter>
  </ItemGroup>
  <ItemGroup>
    <ClInclude Include="matrix.hpp">
      <Filter>Header Files\types</Filter>
    </ClInclude>
    <ClInclude Include="algorithms.hpp">
      <Filter>Header Files\algorithms</Filter>
    </ClInclude>
    <ClInclude Include="interpolator.hpp">
      <Filter>Header Files\algorithms</Filter>
    </ClInclude>
    <ClInclude Include="tuple_math.hpp">
      <Filter>Header Files\algorithms</Filter>
    </ClInclude>
    <ClInclude Include="tables.hpp">
      <Filter>Header Files\types</Filter>
    </ClInclude>
    <ClInclude Include="io.hpp">
      <Filter>Header Files\algorithms</Filter>
    </ClInclude>
    <ClInclude Include="factory.hpp">
      <Filter>Header Files\algorithms</Filter>
    </ClInclude>
    <ClInclude Include="simtools_config.hpp">
      <Filter>Header Files</Filter>
    </ClInclude>
    <ClInclude Include="comparators.hpp">
      <Filter>Header Files\algorithms</Filter>
    </ClInclude>
  </ItemGroup>
</Project>